
Microsoft Visual Studio Solution File, Format Version 12.00
# Visual Studio Version 16
VisualStudioVersion = 16.0.29230.47
MinimumVisualStudioVersion = 10.0.40219.1
Project("{FAE04EC0-301F-11D3-BF4B-00C04F79EFBC}") = "WillianProjetoAgenda", "WindowsFormsApp\WillianProjetoAgenda.csproj", "{0A1DEA1B-A3BC-419A-B5C5-9B3142280C13}"
EndProject
Global
	GlobalSection(SolutionConfigurationPlatforms) = preSolution
		Debug|Any CPU = Debug|Any CPU
		Release|Any CPU = Release|Any CPU
	EndGlobalSection
	GlobalSection(ProjectConfigurationPlatforms) = postSolution
		{0A1DEA1B-A3BC-419A-B5C5-9B3142280C13}.Debug|Any CPU.ActiveCfg = Debug|Any CPU
		{0A1DEA1B-A3BC-419A-B5C5-9B3142280C13}.Debug|Any CPU.Build.0 = Debug|Any CPU
		{0A1DEA1B-A3BC-419A-B5C5-9B3142280C13}.Release|Any CPU.ActiveCfg = Release|Any CPU
		{0A1DEA1B-A3BC-419A-B5C5-9B3142280C13}.Release|Any CPU.Build.0 = Release|Any CPU
	EndGlobalSection
	GlobalSection(SolutionProperties) = preSolution
		HideSolutionNode = FALSE
	EndGlobalSection
	GlobalSection(ExtensibilityGlobals) = postSolution
		SolutionGuid = {3E1F7F13-CF56-4F83-8F2F-8D7283EA8673}
	EndGlobalSection
EndGlobal
